
Microsoft Visual Studio Solution File, Format Version 12.00
# Visual Studio Version 17
VisualStudioVersion = 17.14.36310.24 d17.14
MinimumVisualStudioVersion = 10.0.40219.1
Project("{FAE04EC0-301F-11D3-BF4B-00C04F79EFBC}") = "LBAPI", "LBAPI\LBAPI.csproj", "{88F7788C-0101-4F65-B903-8A5023083569}"
EndProject
Project("{FAE04EC0-301F-11D3-BF4B-00C04F79EFBC}") = "Services", "Services\Services.csproj", "{5FBDB21D-E811-469B-8663-454C86AF3C8D}"
EndProject
Project("{FAE04EC0-301F-11D3-BF4B-00C04F79EFBC}") = "Entities", "Entities\Entities.csproj", "{7F04E492-15F3-4BE3-8D59-C09024DCFE40}"
EndProject
Global
	GlobalSection(SolutionConfigurationPlatforms) = preSolution
		Debug|Any CPU = Debug|Any CPU
		Release|Any CPU = Release|Any CPU
	EndGlobalSection
	GlobalSection(ProjectConfigurationPlatforms) = postSolution
		{88F7788C-0101-4F65-B903-8A5023083569}.Debug|Any CPU.ActiveCfg = Debug|Any CPU
		{88F7788C-0101-4F65-B903-8A5023083569}.Debug|Any CPU.Build.0 = Debug|Any CPU
		{88F7788C-0101-4F65-B903-8A5023083569}.Release|Any CPU.ActiveCfg = Release|Any CPU
		{88F7788C-0101-4F65-B903-8A5023083569}.Release|Any CPU.Build.0 = Release|Any CPU
		{5FBDB21D-E811-469B-8663-454C86AF3C8D}.Debug|Any CPU.ActiveCfg = Debug|Any CPU
		{5FBDB21D-E811-469B-8663-454C86AF3C8D}.Debug|Any CPU.Build.0 = Debug|Any CPU
		{5FBDB21D-E811-469B-8663-454C86AF3C8D}.Release|Any CPU.ActiveCfg = Release|Any CPU
		{5FBDB21D-E811-469B-8663-454C86AF3C8D}.Release|Any CPU.Build.0 = Release|Any CPU
		{7F04E492-15F3-4BE3-8D59-C09024DCFE40}.Debug|Any CPU.ActiveCfg = Debug|Any CPU
		{7F04E492-15F3-4BE3-8D59-C09024DCFE40}.Debug|Any CPU.Build.0 = Debug|Any CPU
		{7F04E492-15F3-4BE3-8D59-C09024DCFE40}.Release|Any CPU.ActiveCfg = Release|Any CPU
		{7F04E492-15F3-4BE3-8D59-C09024DCFE40}.Release|Any CPU.Build.0 = Release|Any CPU
	EndGlobalSection
	GlobalSection(SolutionProperties) = preSolution
		HideSolutionNode = FALSE
	EndGlobalSection
	GlobalSection(ExtensibilityGlobals) = postSolution
		SolutionGuid = {2F764AFB-AA18-46AF-AB04-FBE0B8FF557F}
	EndGlobalSection
EndGlobal
